
Microsoft Visual Studio Solution File, Format Version 12.00
# Visual Studio 14
VisualStudioVersion = 14.0.23107.0
MinimumVisualStudioVersion = 10.0.40219.1
Project("{FAE04EC0-301F-11D3-BF4B-00C04F79EFBC}") = "MyUninstaller", "MyUninstaller\MyUninstaller.csproj", "{A82B947E-22FD-45EC-8393-FE9476E9FF85}"
EndProject
Project("{FAE04EC0-301F-11D3-BF4B-00C04F79EFBC}") = "BusinessLayer", "BusinessLayer\BusinessLayer.csproj", "{BDB7325C-38FD-4043-B6CA-04F733DF3C1E}"
EndProject
Global
	GlobalSection(SolutionConfigurationPlatforms) = preSolution
		Debug|Any CPU = Debug|Any CPU
		Release|Any CPU = Release|Any CPU
	EndGlobalSection
	GlobalSection(ProjectConfigurationPlatforms) = postSolution
		{A82B947E-22FD-45EC-8393-FE9476E9FF85}.Debug|Any CPU.ActiveCfg = Debug|Any CPU
		{A82B947E-22FD-45EC-8393-FE9476E9FF85}.Debug|Any CPU.Build.0 = Debug|Any CPU
		{A82B947E-22FD-45EC-8393-FE9476E9FF85}.Release|Any CPU.ActiveCfg = Release|Any CPU
		{A82B947E-22FD-45EC-8393-FE9476E9FF85}.Release|Any CPU.Build.0 = Release|Any CPU
		{BDB7325C-38FD-4043-B6CA-04F733DF3C1E}.Debug|Any CPU.ActiveCfg = Debug|Any CPU
		{BDB7325C-38FD-4043-B6CA-04F733DF3C1E}.Debug|Any CPU.Build.0 = Debug|Any CPU
		{BDB7325C-38FD-4043-B6CA-04F733DF3C1E}.Release|Any CPU.ActiveCfg = Release|Any CPU
		{BDB7325C-38FD-4043-B6CA-04F733DF3C1E}.Release|Any CPU.Build.0 = Release|Any CPU
	EndGlobalSection
	GlobalSection(SolutionProperties) = preSolution
		HideSolutionNode = FALSE
	EndGlobalSection
EndGlobal
