
Microsoft Visual Studio Solution File, Format Version 12.00
# Visual Studio 2012
Project("{8BC9CEB8-8B4A-11D0-8D11-00A0C91BC942}") = "3. Matrix", "3. Matrix.vcxproj", "{6C782B96-FCA9-486E-8159-2013BCA5433F}"
EndProject
Global
	GlobalSection(SolutionConfigurationPlatforms) = preSolution
		Debug|Win32 = Debug|Win32
		Release|Win32 = Release|Win32
	EndGlobalSection
	GlobalSection(ProjectConfigurationPlatforms) = postSolution
		{6C782B96-FCA9-486E-8159-2013BCA5433F}.Debug|Win32.ActiveCfg = Debug|Win32
		{6C782B96-FCA9-486E-8159-2013BCA5433F}.Debug|Win32.Build.0 = Debug|Win32
		{6C782B96-FCA9-486E-8159-2013BCA5433F}.Release|Win32.ActiveCfg = Release|Win32
		{6C782B96-FCA9-486E-8159-2013BCA5433F}.Release|Win32.Build.0 = Release|Win32
	EndGlobalSection
	GlobalSection(SolutionProperties) = preSolution
		HideSolutionNode = FALSE
	EndGlobalSection
EndGlobal
