
Microsoft Visual Studio Solution File, Format Version 12.00
# Visual Studio 14
VisualStudioVersion = 14.0.23107.0
MinimumVisualStudioVersion = 10.0.40219.1
Project("{FAE04EC0-301F-11D3-BF4B-00C04F79EFBC}") = "RWC2007", "RWC2007\RWC2007.csproj", "{7B2A3932-35A4-4C14-A69A-AEF30A4ABAEF}"
EndProject
Global
	GlobalSection(SolutionConfigurationPlatforms) = preSolution
		Debug|Any CPU = Debug|Any CPU
		Release|Any CPU = Release|Any CPU
	EndGlobalSection
	GlobalSection(ProjectConfigurationPlatforms) = postSolution
		{7B2A3932-35A4-4C14-A69A-AEF30A4ABAEF}.Debug|Any CPU.ActiveCfg = Debug|Any CPU
		{7B2A3932-35A4-4C14-A69A-AEF30A4ABAEF}.Debug|Any CPU.Build.0 = Debug|Any CPU
		{7B2A3932-35A4-4C14-A69A-AEF30A4ABAEF}.Release|Any CPU.ActiveCfg = Release|Any CPU
		{7B2A3932-35A4-4C14-A69A-AEF30A4ABAEF}.Release|Any CPU.Build.0 = Release|Any CPU
	EndGlobalSection
	GlobalSection(SolutionProperties) = preSolution
		HideSolutionNode = FALSE
	EndGlobalSection
EndGlobal
