
Microsoft Visual Studio Solution File, Format Version 12.00
# Visual Studio 2013
VisualStudioVersion = 12.0.21005.1
MinimumVisualStudioVersion = 10.0.40219.1
Project("{FAE04EC0-301F-11D3-BF4B-00C04F79EFBC}") = "GenealogicTree", "Genealogic Tree\GenealogicTree.csproj", "{EDFDC647-29D8-4DB1-973A-674AA4678DB6}"
EndProject
Project("{FAE04EC0-301F-11D3-BF4B-00C04F79EFBC}") = "GenealogicTree.DAL", "GenealogicTree.DAL\GenealogicTree.DAL.csproj", "{90CFE92A-61C2-442A-8275-6188EBA75B31}"
EndProject
Project("{FAE04EC0-301F-11D3-BF4B-00C04F79EFBC}") = "GenealogicTree.BusinessLayer", "GenealogicTree.BusinessLayer\GenealogicTree.BusinessLayer.csproj", "{9464B1AB-77C2-4035-B5B6-92902AE0C6B3}"
EndProject
Global
	GlobalSection(SolutionConfigurationPlatforms) = preSolution
		Debug|Any CPU = Debug|Any CPU
		Release|Any CPU = Release|Any CPU
	EndGlobalSection
	GlobalSection(ProjectConfigurationPlatforms) = postSolution
		{EDFDC647-29D8-4DB1-973A-674AA4678DB6}.Debug|Any CPU.ActiveCfg = Debug|Any CPU
		{EDFDC647-29D8-4DB1-973A-674AA4678DB6}.Debug|Any CPU.Build.0 = Debug|Any CPU
		{EDFDC647-29D8-4DB1-973A-674AA4678DB6}.Release|Any CPU.ActiveCfg = Release|Any CPU
		{EDFDC647-29D8-4DB1-973A-674AA4678DB6}.Release|Any CPU.Build.0 = Release|Any CPU
		{90CFE92A-61C2-442A-8275-6188EBA75B31}.Debug|Any CPU.ActiveCfg = Debug|Any CPU
		{90CFE92A-61C2-442A-8275-6188EBA75B31}.Debug|Any CPU.Build.0 = Debug|Any CPU
		{90CFE92A-61C2-442A-8275-6188EBA75B31}.Release|Any CPU.ActiveCfg = Release|Any CPU
		{90CFE92A-61C2-442A-8275-6188EBA75B31}.Release|Any CPU.Build.0 = Release|Any CPU
		{9464B1AB-77C2-4035-B5B6-92902AE0C6B3}.Debug|Any CPU.ActiveCfg = Debug|Any CPU
		{9464B1AB-77C2-4035-B5B6-92902AE0C6B3}.Debug|Any CPU.Build.0 = Debug|Any CPU
		{9464B1AB-77C2-4035-B5B6-92902AE0C6B3}.Release|Any CPU.ActiveCfg = Release|Any CPU
		{9464B1AB-77C2-4035-B5B6-92902AE0C6B3}.Release|Any CPU.Build.0 = Release|Any CPU
	EndGlobalSection
	GlobalSection(SolutionProperties) = preSolution
		HideSolutionNode = FALSE
	EndGlobalSection
EndGlobal
