
Microsoft Visual Studio Solution File, Format Version 12.00
# Visual Studio 2012
Project("{8BC9CEB8-8B4A-11D0-8D11-00A0C91BC942}") = "7. Admin", "7. Admin\7. Admin.vcxproj", "{3462A64E-28AC-4D03-9F7C-5224AB771978}"
EndProject
Global
	GlobalSection(SolutionConfigurationPlatforms) = preSolution
		Debug|Win32 = Debug|Win32
		Release|Win32 = Release|Win32
	EndGlobalSection
	GlobalSection(ProjectConfigurationPlatforms) = postSolution
		{3462A64E-28AC-4D03-9F7C-5224AB771978}.Debug|Win32.ActiveCfg = Debug|Win32
		{3462A64E-28AC-4D03-9F7C-5224AB771978}.Debug|Win32.Build.0 = Debug|Win32
		{3462A64E-28AC-4D03-9F7C-5224AB771978}.Release|Win32.ActiveCfg = Release|Win32
		{3462A64E-28AC-4D03-9F7C-5224AB771978}.Release|Win32.Build.0 = Release|Win32
	EndGlobalSection
	GlobalSection(SolutionProperties) = preSolution
		HideSolutionNode = FALSE
	EndGlobalSection
EndGlobal
