
Microsoft Visual Studio Solution File, Format Version 12.00
# Visual Studio 2012
Project("{FAE04EC0-301F-11D3-BF4B-00C04F79EFBC}") = "5. Queue. Generic Class", "5. Queue. Generic Class.csproj", "{10847C30-935E-4B8A-8356-94BD6817E60D}"
EndProject
Global
	GlobalSection(SolutionConfigurationPlatforms) = preSolution
		Debug|Any CPU = Debug|Any CPU
		Release|Any CPU = Release|Any CPU
	EndGlobalSection
	GlobalSection(ProjectConfigurationPlatforms) = postSolution
		{10847C30-935E-4B8A-8356-94BD6817E60D}.Debug|Any CPU.ActiveCfg = Debug|Any CPU
		{10847C30-935E-4B8A-8356-94BD6817E60D}.Debug|Any CPU.Build.0 = Debug|Any CPU
		{10847C30-935E-4B8A-8356-94BD6817E60D}.Release|Any CPU.ActiveCfg = Release|Any CPU
		{10847C30-935E-4B8A-8356-94BD6817E60D}.Release|Any CPU.Build.0 = Release|Any CPU
	EndGlobalSection
	GlobalSection(SolutionProperties) = preSolution
		HideSolutionNode = FALSE
	EndGlobalSection
EndGlobal
