
Microsoft Visual Studio Solution File, Format Version 12.00
# Visual Studio 2012
Project("{FAE04EC0-301F-11D3-BF4B-00C04F79EFBC}") = "DMIML 3", "DMIML 3\DMIML 3.csproj", "{7BA5B275-D7FE-44BA-AF9C-44F6D5D7399C}"
EndProject
Global
	GlobalSection(SolutionConfigurationPlatforms) = preSolution
		Debug|Any CPU = Debug|Any CPU
		Release|Any CPU = Release|Any CPU
	EndGlobalSection
	GlobalSection(ProjectConfigurationPlatforms) = postSolution
		{7BA5B275-D7FE-44BA-AF9C-44F6D5D7399C}.Debug|Any CPU.ActiveCfg = Debug|Any CPU
		{7BA5B275-D7FE-44BA-AF9C-44F6D5D7399C}.Debug|Any CPU.Build.0 = Debug|Any CPU
		{7BA5B275-D7FE-44BA-AF9C-44F6D5D7399C}.Release|Any CPU.ActiveCfg = Release|Any CPU
		{7BA5B275-D7FE-44BA-AF9C-44F6D5D7399C}.Release|Any CPU.Build.0 = Release|Any CPU
	EndGlobalSection
	GlobalSection(SolutionProperties) = preSolution
		HideSolutionNode = FALSE
	EndGlobalSection
EndGlobal
