
Microsoft Visual Studio Solution File, Format Version 12.00
# Visual Studio 2013
VisualStudioVersion = 12.0.31101.0
MinimumVisualStudioVersion = 10.0.40219.1
Project("{FAE04EC0-301F-11D3-BF4B-00C04F79EFBC}") = "1.Empiric", "1.Empiric\1.Empiric.csproj", "{E48A06C2-0A62-4BAE-A719-53FF377EA07A}"
EndProject
Project("{FAE04EC0-301F-11D3-BF4B-00C04F79EFBC}") = "2.3.GroupedValues", "2.3.GroupedValues\2.3.GroupedValues.csproj", "{59DBCACA-A792-4114-A8BF-2CC23007F286}"
EndProject
Project("{FAE04EC0-301F-11D3-BF4B-00C04F79EFBC}") = "4.Measures", "4.Measures\4.Measures.csproj", "{157E1096-8E22-4357-9C94-DAF579614423}"
EndProject
Project("{FAE04EC0-301F-11D3-BF4B-00C04F79EFBC}") = "5.ConfidenceIntervals", "5.ConfidenceIntervals\5.ConfidenceIntervals.csproj", "{116AB323-9C47-4119-83D0-64E2E008B3A6}"
EndProject
Global
	GlobalSection(SolutionConfigurationPlatforms) = preSolution
		Debug|Any CPU = Debug|Any CPU
		Release|Any CPU = Release|Any CPU
	EndGlobalSection
	GlobalSection(ProjectConfigurationPlatforms) = postSolution
		{E48A06C2-0A62-4BAE-A719-53FF377EA07A}.Debug|Any CPU.ActiveCfg = Debug|Any CPU
		{E48A06C2-0A62-4BAE-A719-53FF377EA07A}.Debug|Any CPU.Build.0 = Debug|Any CPU
		{E48A06C2-0A62-4BAE-A719-53FF377EA07A}.Release|Any CPU.ActiveCfg = Release|Any CPU
		{E48A06C2-0A62-4BAE-A719-53FF377EA07A}.Release|Any CPU.Build.0 = Release|Any CPU
		{59DBCACA-A792-4114-A8BF-2CC23007F286}.Debug|Any CPU.ActiveCfg = Debug|Any CPU
		{59DBCACA-A792-4114-A8BF-2CC23007F286}.Debug|Any CPU.Build.0 = Debug|Any CPU
		{59DBCACA-A792-4114-A8BF-2CC23007F286}.Release|Any CPU.ActiveCfg = Release|Any CPU
		{59DBCACA-A792-4114-A8BF-2CC23007F286}.Release|Any CPU.Build.0 = Release|Any CPU
		{157E1096-8E22-4357-9C94-DAF579614423}.Debug|Any CPU.ActiveCfg = Debug|Any CPU
		{157E1096-8E22-4357-9C94-DAF579614423}.Debug|Any CPU.Build.0 = Debug|Any CPU
		{157E1096-8E22-4357-9C94-DAF579614423}.Release|Any CPU.ActiveCfg = Release|Any CPU
		{157E1096-8E22-4357-9C94-DAF579614423}.Release|Any CPU.Build.0 = Release|Any CPU
		{116AB323-9C47-4119-83D0-64E2E008B3A6}.Debug|Any CPU.ActiveCfg = Debug|Any CPU
		{116AB323-9C47-4119-83D0-64E2E008B3A6}.Debug|Any CPU.Build.0 = Debug|Any CPU
		{116AB323-9C47-4119-83D0-64E2E008B3A6}.Release|Any CPU.ActiveCfg = Release|Any CPU
		{116AB323-9C47-4119-83D0-64E2E008B3A6}.Release|Any CPU.Build.0 = Release|Any CPU
	EndGlobalSection
	GlobalSection(SolutionProperties) = preSolution
		HideSolutionNode = FALSE
	EndGlobalSection
EndGlobal
